// !$*UTF8*$!
{
	archiveVersion = 1;
	classes = {
	};
	objectVersion = 46;
	objects = {

/* Begin PBXBuildFile section */
		97227C861B555E80002F4215 /* main.m in Sources */ = {isa = PBXBuildFile; fileRef = 97227C851B555E80002F4215 /* main.m */; };
		97227C891B555E80002F4215 /* AppDelegate.m in Sources */ = {isa = PBXBuildFile; fileRef = 97227C881B555E80002F4215 /* AppDelegate.m */; };
		97227C8C1B555E80002F4215 /* ViewController.m in Sources */ = {isa = PBXBuildFile; fileRef = 97227C8B1B555E80002F4215 /* ViewController.m */; };
		97227C8F1B555E80002F4215 /* Main.storyboard in Resources */ = {isa = PBXBuildFile; fileRef = 97227C8D1B555E80002F4215 /* Main.storyboard */; };
		97227C911B555E80002F4215 /* Images.xcassets in Resources */ = {isa = PBXBuildFile; fileRef = 97227C901B555E80002F4215 /* Images.xcassets */; };
		97227C941B555E80002F4215 /* LaunchScreen.xib in Resources */ = {isa = PBXBuildFile; fileRef = 97227C921B555E80002F4215 /* LaunchScreen.xib */; };
		97227CA01B555E80002F4215 /* NINEClientTests.m in Sources */ = {isa = PBXBuildFile; fileRef = 97227C9F1B555E80002F4215 /* NINEClientTests.m */; };
/* End PBXBuildFile section */

/* Begin PBXContainerItemProxy section */
		97227C9A1B555E80002F4215 /* PBXContainerItemProxy */ = {
			isa = PBXContainerItemProxy;
			containerPortal = 97227C781B555E80002F4215 /* Project object */;
			proxyType = 1;
			remoteGlobalIDString = 97227C7F1B555E80002F4215;
			remoteInfo = NINEClient;
		};
/* End PBXContainerItemProxy section */

/* Begin PBXFileReference section */
		97227C801B555E80002F4215 /* NINEClient.app */ = {isa = PBXFileReference; explicitFileType = wrapper.application; includeInIndex = 0; path = NINEClient.app; sourceTree = BUILT_PRODUCTS_DIR; };
		97227C841B555E80002F4215 /* Info.plist */ = {isa = PBXFileReference; lastKnownFileType = text.plist.xml; path = Info.plist; sourceTree = "<group>"; };
		97227C851B555E80002F4215 /* main.m */ = {isa = PBXFileReference; lastKnownFileType = sourcecode.c.objc; path = main.m; sourceTree = "<group>"; };
		97227C871B555E80002F4215 /* AppDelegate.h */ = {isa = PBXFileReference; lastKnownFileType = sourcecode.c.h; path = AppDelegate.h; sourceTree = "<group>"; };
		97227C881B555E80002F4215 /* AppDelegate.m */ = {isa = PBXFileReference; lastKnownFileType = sourcecode.c.objc; path = AppDelegate.m; sourceTree = "<group>"; };
		97227C8A1B555E80002F4215 /* ViewController.h */ = {isa = PBXFileReference; lastKnownFileType = sourcecode.c.h; path = ViewController.h; sourceTree = "<group>"; };
		97227C8B1B555E80002F4215 /* ViewController.m */ = {isa = PBXFileReference; lastKnownFileType = sourcecode.c.objc; path = ViewController.m; sourceTree = "<group>"; };
		97227C8E1B555E80002F4215 /* Base */ = {isa = PBXFileReference; lastKnownFileType = file.storyboard; name = Base; path = Base.lproj/Main.storyboard; sourceTree = "<group>"; };
		97227C901B555E80002F4215 /* Images.xcassets */ = {isa = PBXFileReference; lastKnownFileType = folder.assetcatalog; path = Images.xcassets; sourceTree = "<group>"; };
		97227C931B555E80002F4215 /* Base */ = {isa = PBXFileReference; lastKnownFileType = file.xib; name = Base; path = Base.lproj/LaunchScreen.xib; sourceTree = "<group>"; };
		97227C991B555E80002F4215 /* NINEClientTests.xctest */ = {isa = PBXFileReference; explicitFileType = wrapper.cfbundle; includeInIndex = 0; path = NINEClientTests.xctest; sourceTree = BUILT_PRODUCTS_DIR; };
		97227C9E1B555E80002F4215 /* Info.plist */ = {isa = PBXFileReference; lastKnownFileType = text.plist.xml; path = Info.plist; sourceTree = "<group>"; };
		97227C9F1B555E80002F4215 /* NINEClientTests.m */ = {isa = PBXFileReference; lastKnownFileType = sourcecode.c.objc; path = NINEClientTests.m; sourceTree = "<group>"; };
/* End PBXFileReference section */

/* Begin PBXFrameworksBuildPhase section */
		97227C7D1B555E80002F4215 /* Frameworks */ = {
			isa = PBXFrameworksBuildPhase;
			buildActionMask = 2147483647;
			files = (
			);
			runOnlyForDeploymentPostprocessing = 0;
		};
		97227C961B555E80002F4215 /* Frameworks */ = {
			isa = PBXFrameworksBuildPhase;
			buildActionMask = 2147483647;
			files = (
			);
			runOnlyForDeploymentPostprocessing = 0;
		};
/* End PBXFrameworksBuildPhase section */

/* Begin PBXGroup section */
		97227C771B555E7F002F4215 = {
			isa = PBXGroup;
			children = (
				97227C821B555E80002F4215 /* NINEClient */,
				97227C9C1B555E80002F4215 /* NINEClientTests */,
				97227C811B555E80002F4215 /* Products */,
			);
			sourceTree = "<group>";
		};
		97227C811B555E80002F4215 /* Products */ = {
			isa = PBXGroup;
			children = (
				97227C801B555E80002F4215 /* NINEClient.app */,
				97227C991B555E80002F4215 /* NINEClientTests.xctest */,
			);
			name = Products;
			sourceTree = "<group>";
		};
		97227C821B555E80002F4215 /* NINEClient */ = {
			isa = PBXGroup;
			children = (
				97227C871B555E80002F4215 /* AppDelegate.h */,
				97227C881B555E80002F4215 /* AppDelegate.m */,
				97227C8A1B555E80002F4215 /* ViewController.h */,
				97227C8B1B555E80002F4215 /* ViewController.m */,
				97227C8D1B555E80002F4215 /* Main.storyboard */,
				97227C901B555E80002F4215 /* Images.xcassets */,
				97227C921B555E80002F4215 /* LaunchScreen.xib */,
				97227C831B555E80002F4215 /* Supporting Files */,
			);
			path = NINEClient;
			sourceTree = "<group>";
		};
		97227C831B555E80002F4215 /* Supporting Files */ = {
			isa = PBXGroup;
			children = (
				97227C841B555E80002F4215 /* Info.plist */,
				97227C851B555E80002F4215 /* main.m */,
			);
			name = "Supporting Files";
			sourceTree = "<group>";
		};
		97227C9C1B555E80002F4215 /* NINEClientTests */ = {
			isa = PBXGroup;
			children = (
				97227C9F1B555E80002F4215 /* NINEClientTests.m */,
				97227C9D1B555E80002F4215 /* Supporting Files */,
			);
			path = NINEClientTests;
			sourceTree = "<group>";
		};
		97227C9D1B555E80002F4215 /* Supporting Files */ = {
			isa = PBXGroup;
			children = (
				97227C9E1B555E80002F4215 /* Info.plist */,
			);
			name = "Supporting Files";
			sourceTree = "<group>";
		};
/* End PBXGroup section */

/* Begin PBXNativeTarget section */
		97227C7F1B555E80002F4215 /* NINEClient */ = {
			isa = PBXNativeTarget;
			buildConfigurationList = 97227CA31B555E80002F4215 /* Build configuration list for PBXNativeTarget "NINEClient" */;
			buildPhases = (
				97227C7C1B555E80002F4215 /* Sources */,
				97227C7D1B555E80002F4215 /* Frameworks */,
				97227C7E1B555E80002F4215 /* Resources */,
			);
			buildRules = (
			);
			dependencies = (
			);
			name = NINEClient;
			productName = NINEClient;
			productReference = 97227C801B555E80002F4215 /* NINEClient.app */;
			productType = "com.apple.product-type.application";
		};
		97227C981B555E80002F4215 /* NINEClientTests */ = {
			isa = PBXNativeTarget;
			buildConfigurationList = 97227CA61B555E80002F4215 /* Build configuration list for PBXNativeTarget "NINEClientTests" */;
			buildPhases = (
				97227C951B555E80002F4215 /* Sources */,
				97227C961B555E80002F4215 /* Frameworks */,
				97227C971B555E80002F4215 /* Resources */,
			);
			buildRules = (
			);
			dependencies = (
				97227C9B1B555E80002F4215 /* PBXTargetDependency */,
			);
			name = NINEClientTests;
			productName = NINEClientTests;
			productReference = 97227C991B555E80002F4215 /* NINEClientTests.xctest */;
			productType = "com.apple.product-type.bundle.unit-test";
		};
/* End PBXNativeTarget section */

/* Begin PBXProject section */
		97227C781B555E80002F4215 /* Project object */ = {
			isa = PBXProject;
			attributes = {
				LastUpgradeCheck = 0640;
				ORGANIZATIONNAME = Drven;
				TargetAttributes = {
					97227C7F1B555E80002F4215 = {
						CreatedOnToolsVersion = 6.4;
					};
					97227C981B555E80002F4215 = {
						CreatedOnToolsVersion = 6.4;
						TestTargetID = 97227C7F1B555E80002F4215;
					};
				};
			};
			buildConfigurationList = 97227C7B1B555E80002F4215 /* Build configuration list for PBXProject "NINEClient" */;
			compatibilityVersion = "Xcode 3.2";
			developmentRegion = English;
			hasScannedForEncodings = 0;
			knownRegions = (
				en,
				Base,
			);
			mainGroup = 97227C771B555E7F002F4215;
			productRefGroup = 97227C811B555E80002F4215 /* Products */;
			projectDirPath = "";
			projectRoot = "";
			targets = (
				97227C7F1B555E80002F4215 /* NINEClient */,
				97227C981B555E80002F4215 /* NINEClientTests */,
			);
		};
/* End PBXProject section */

/* Begin PBXResourcesBuildPhase section */
		97227C7E1B555E80002F4215 /* Resources */ = {
			isa = PBXResourcesBuildPhase;
			buildActionMask = 2147483647;
			files = (
				97227C8F1B555E80002F4215 /* Main.storyboard in Resources */,
				97227C941B555E80002F4215 /* LaunchScreen.xib in Resources */,
				97227C911B555E80002F4215 /* Images.xcassets in Resources */,
			);
			runOnlyForDeploymentPostprocessing = 0;
		};
		97227C971B555E80002F4215 /* Resources */ = {
			isa = PBXResourcesBuildPhase;
			buildActionMask = 2147483647;
			files = (
			);
			runOnlyForDeploymentPostprocessing = 0;
		};
/* End PBXResourcesBuildPhase section */

/* Begin PBXSourcesBuildPhase section */
		97227C7C1B555E80002F4215 /* Sources */ = {
			isa = PBXSourcesBuildPhase;
			buildActionMask = 2147483647;
			files = (
				97227C8C1B555E80002F4215 /* ViewController.m in Sources */,
				97227C891B555E80002F4215 /* AppDelegate.m in Sources */,
				97227C861B555E80002F4215 /* main.m in Sources */,
			);
			runOnlyForDeploymentPostprocessing = 0;
		};
		97227C951B555E80002F4215 /* Sources */ = {
			isa = PBXSourcesBuildPhase;
			buildActionMask = 2147483647;
			files = (
				97227CA01B555E80002F4215 /* NINEClientTests.m in Sources */,
			);
			runOnlyForDeploymentPostprocessing = 0;
		};
/* End PBXSourcesBuildPhase section */

/* Begin PBXTargetDependency section */
		97227C9B1B555E80002F4215 /* PBXTargetDependency */ = {
			isa = PBXTargetDependency;
			target = 97227C7F1B555E80002F4215 /* NINEClient */;
			targetProxy = 97227C9A1B555E80002F4215 /* PBXContainerItemProxy */;
		};
/* End PBXTargetDependency section */

/* Begin PBXVariantGroup section */
		97227C8D1B555E80002F4215 /* Main.storyboard */ = {
			isa = PBXVariantGroup;
			children = (
				97227C8E1B555E80002F4215 /* Base */,
			);
			name = Main.storyboard;
			sourceTree = "<group>";
		};
		97227C921B555E80002F4215 /* LaunchScreen.xib */ = {
			isa = PBXVariantGroup;
			children = (
				97227C931B555E80002F4215 /* Base */,
			);
			name = LaunchScreen.xib;
			sourceTree = "<group>";
		};
/* End PBXVariantGroup section */

/* Begin XCBuildConfiguration section */
		97227CA11B555E80002F4215 /* Debug */ = {
			isa = XCBuildConfiguration;
			buildSettings = {
				ALWAYS_SEARCH_USER_PATHS = NO;
				CLANG_CXX_LANGUAGE_STANDARD = "gnu++0x";
				CLANG_CXX_LIBRARY = "libc++";
				CLANG_ENABLE_MODULES = YES;
				CLANG_ENABLE_OBJC_ARC = YES;
				CLANG_WARN_BOOL_CONVERSION = YES;
				CLANG_WARN_CONSTANT_CONVERSION = YES;
				CLANG_WARN_DIRECT_OBJC_ISA_USAGE = YES_ERROR;
				CLANG_WARN_EMPTY_BODY = YES;
				CLANG_WARN_ENUM_CONVERSION = YES;
				CLANG_WARN_INT_CONVERSION = YES;
				CLANG_WARN_OBJC_ROOT_CLASS = YES_ERROR;
				CLANG_WARN_UNREACHABLE_CODE = YES;
				CLANG_WARN__DUPLICATE_METHOD_MATCH = YES;
				"CODE_SIGN_IDENTITY[sdk=iphoneos*]" = "iPhone Developer";
				COPY_PHASE_STRIP = NO;
				DEBUG_INFORMATION_FORMAT = "dwarf-with-dsym";
				ENABLE_STRICT_OBJC_MSGSEND = YES;
				GCC_C_LANGUAGE_STANDARD = gnu99;
				GCC_DYNAMIC_NO_PIC = NO;
				GCC_NO_COMMON_BLOCKS = YES;
				GCC_OPTIMIZATION_LEVEL = 0;
				GCC_PREPROCESSOR_DEFINITIONS = (
					"DEBUG=1",
					"$(inherited)",
				);
				GCC_SYMBOLS_PRIVATE_EXTERN = NO;
				GCC_WARN_64_TO_32_BIT_CONVERSION = YES;
				GCC_WARN_ABOUT_RETURN_TYPE = YES_ERROR;
				GCC_WARN_UNDECLARED_SELECTOR = YES;
				GCC_WARN_UNINITIALIZED_AUTOS = YES_AGGRESSIVE;
				GCC_WARN_UNUSED_FUNCTION = YES;
				GCC_WARN_UNUSED_VARIABLE = YES;
				IPHONEOS_DEPLOYMENT_TARGET = 8.4;
				MTL_ENABLE_DEBUG_INFO = YES;
				ONLY_ACTIVE_ARCH = YES;
				SDKROOT = iphoneos;
			};
			name = Debug;
		};
		97227CA21B555E80002F4215 /* Release */ = {
			isa = XCBuildConfiguration;
			buildSettings = {
				ALWAYS_SEARCH_USER_PATHS = NO;
				CLANG_CXX_LANGUAGE_STANDARD = "gnu++0x";
				CLANG_CXX_LIBRARY = "libc++";
				CLANG_ENABLE_MODULES = YES;
				CLANG_ENABLE_OBJC_ARC = YES;
				CLANG_WARN_BOOL_CONVERSION = YES;
				CLANG_WARN_CONSTANT_CONVERSION = YES;
				CLANG_WARN_DIRECT_OBJC_ISA_USAGE = YES_ERROR;
				CLANG_WARN_EMPTY_BODY = YES;
				CLANG_WARN_ENUM_CONVERSION = YES;
				CLANG_WARN_INT_CONVERSION = YES;
				CLANG_WARN_OBJC_ROOT_CLASS = YES_ERROR;
				CLANG_WARN_UNREACHABLE_CODE = YES;
				CLANG_WARN__DUPLICATE_METHOD_MATCH = YES;
				"CODE_SIGN_IDENTITY[sdk=iphoneos*]" = "iPhone Developer";
				COPY_PHASE_STRIP = NO;
				DEBUG_INFORMATION_FORMAT = "dwarf-with-dsym";
				ENABLE_NS_ASSERTIONS = NO;
				ENABLE_STRICT_OBJC_MSGSEND = YES;
				GCC_C_LANGUAGE_STANDARD = gnu99;
				GCC_NO_COMMON_BLOCKS = YES;
				GCC_WARN_64_TO_32_BIT_CONVERSION = YES;
				GCC_WARN_ABOUT_RETURN_TYPE = YES_ERROR;
				GCC_WARN_UNDECLARED_SELECTOR = YES;
				GCC_WARN_UNINITIALIZED_AUTOS = YES_AGGRESSIVE;
				GCC_WARN_UNUSED_FUNCTION = YES;
				GCC_WARN_UNUSED_VARIABLE = YES;
				IPHONEOS_DEPLOYMENT_TARGET = 8.4;
				MTL_ENABLE_DEBUG_INFO = NO;
				SDKROOT = iphoneos;
				VALIDATE_PRODUCT = YES;
			};
			name = Release;
		};
		97227CA41B555E80002F4215 /* Debug */ = {
			isa = XCBuildConfiguration;
			buildSettings = {
				ASSETCATALOG_COMPILER_APPICON_NAME = AppIcon;
				INFOPLIST_FILE = NINEClient/Info.plist;
				LD_RUNPATH_SEARCH_PATHS = "$(inherited) @executable_path/Frameworks";
				PRODUCT_NAME = "$(TARGET_NAME)";
			};
			name = Debug;
		};
		97227CA51B555E80002F4215 /* Release */ = {
			isa = XCBuildConfiguration;
			buildSettings = {
				ASSETCATALOG_COMPILER_APPICON_NAME = AppIcon;
				INFOPLIST_FILE = NINEClient/Info.plist;
				LD_RUNPATH_SEARCH_PATHS = "$(inherited) @executable_path/Frameworks";
				PRODUCT_NAME = "$(TARGET_NAME)";
			};
			name = Release;
		};
		97227CA71B555E80002F4215 /* Debug */ = {
			isa = XCBuildConfiguration;
			buildSettings = {
				BUNDLE_LOADER = "$(TEST_HOST)";
				FRAMEWORK_SEARCH_PATHS = (
					"$(SDKROOT)/Developer/Library/Frameworks",
					"$(inherited)",
				);
				GCC_PREPROCESSOR_DEFINITIONS = (
					"DEBUG=1",
					"$(inherited)",
				);
				INFOPLIST_FILE = NINEClientTests/Info.plist;
				LD_RUNPATH_SEARCH_PATHS = "$(inherited) @executable_path/Frameworks @loader_path/Frameworks";
				PRODUCT_NAME = "$(TARGET_NAME)";
				TEST_HOST = "$(BUILT_PRODUCTS_DIR)/NINEClient.app/NINEClient";
			};
			name = Debug;
		};
		97227CA81B555E80002F4215 /* Release */ = {
			isa = XCBuildConfiguration;
			buildSettings = {
				BUNDLE_LOADER = "$(TEST_HOST)";
				FRAMEWORK_SEARCH_PATHS = (
					"$(SDKROOT)/Developer/Library/Frameworks",
					"$(inherited)",
				);
				INFOPLIST_FILE = NINEClientTests/Info.plist;
				LD_RUNPATH_SEARCH_PATHS = "$(inherited) @executable_path/Frameworks @loader_path/Frameworks";
				PRODUCT_NAME = "$(TARGET_NAME)";
				TEST_HOST = "$(BUILT_PRODUCTS_DIR)/NINEClient.app/NINEClient";
			};
			name = Release;
		};
/* End XCBuildConfiguration section */

/* Begin XCConfigurationList section */
		97227C7B1B555E80002F4215 /* Build configuration list for PBXProject "NINEClient" */ = {
			isa = XCConfigurationList;
			buildConfigurations = (
				97227CA11B555E80002F4215 /* Debug */,
				97227CA21B555E80002F4215 /* Release */,
			);
			defaultConfigurationIsVisible = 0;
			defaultConfigurationName = Release;
		};
		97227CA31B555E80002F4215 /* Build configuration list for PBXNativeTarget "NINEClient" */ = {
			isa = XCConfigurationList;
			buildConfigurations = (
				97227CA41B555E80002F4215 /* Debug */,
				97227CA51B555E80002F4215 /* Release */,
			);
			defaultConfigurationIsVisible = 0;
		};
		97227CA61B555E80002F4215 /* Build configuration list for PBXNativeTarget "NINEClientTests" */ = {
			isa = XCConfigurationList;
			buildConfigurations = (
				97227CA71B555E80002F4215 /* Debug */,
				97227CA81B555E80002F4215 /* Release */,
			);
			defaultConfigurationIsVisible = 0;
		};
/* End XCConfigurationList section */
	};
	rootObject = 97227C781B555E80002F4215 /* Project object */;
}
